{
  "name": "web3-wallet",
  "version": "1.0.0",
  "lockfileVersion": 2,
  "requires": true,
  "packages": {
    "": {
      "version": "1.0.0",
      "license": "ISC",
      "dependencies": {
        "cryptocurrency-icons": "^0.18.0"
      }
    },
    "node_modules/cryptocurrency-icons": {
      "version": "0.18.0",
      "resolved": "https://registry.npmjs.org/cryptocurrency-icons/-/cryptocurrency-icons-0.18.0.tgz",
      "integrity": "sha512-Q8Uq/Vhzcn/B6ouoJk+5Q/Kfp0zz0DjfldPv836OKT5mxgYDZm8vWgMQ5wBuRvT8Z/ZHLeXaBUgJtufPXmG0NQ=="
    }
  },
  "dependencies": {
    "cryptocurrency-icons": {
      "version": "0.18.0",
      "resolved": "https://registry.npmjs.org/cryptocurrency-icons/-/cryptocurrency-icons-0.18.0.tgz",
      "integrity": "sha512-Q8Uq/Vhzcn/B6ouoJk+5Q/Kfp0zz0DjfldPv836OKT5mxgYDZm8vWgMQ5wBuRvT8Z/ZHLeXaBUgJtufPXmG0NQ=="
    }
  }
}
